
Microsoft Visual Studio Solution File, Format Version 12.00
# Visual Studio Version 16
VisualStudioVersion = 16.0.28922.388
MinimumVisualStudioVersion = 10.0.40219.1
Project("{FAE04EC0-301F-11D3-BF4B-00C04F79EFBC}") = "PlannerApp", "PlannerApp.csproj", "{4CB5D8FD-D452-4A3D-9289-5A2A3BE748BE}"
EndProject
Global
	GlobalSection(SolutionConfigurationPlatforms) = preSolution
		Debug|Any CPU = Debug|Any CPU
		Release|Any CPU = Release|Any CPU
	EndGlobalSection
	GlobalSection(ProjectConfigurationPlatforms) = postSolution
		{4CB5D8FD-D452-4A3D-9289-5A2A3BE748BE}.Debug|Any CPU.ActiveCfg = Debug|Any CPU
		{4CB5D8FD-D452-4A3D-9289-5A2A3BE748BE}.Debug|Any CPU.Build.0 = Debug|Any CPU
		{4CB5D8FD-D452-4A3D-9289-5A2A3BE748BE}.Release|Any CPU.ActiveCfg = Release|Any CPU
		{4CB5D8FD-D452-4A3D-9289-5A2A3BE748BE}.Release|Any CPU.Build.0 = Release|Any CPU
	EndGlobalSection
	GlobalSection(SolutionProperties) = preSolution
		HideSolutionNode = FALSE
	EndGlobalSection
	GlobalSection(ExtensibilityGlobals) = postSolution
		SolutionGuid = {8BAAB301-661F-4324-BB25-8B4B8F26016A}
	EndGlobalSection
EndGlobal
